
Microsoft Visual Studio Solution File, Format Version 12.00
# Visual Studio 14
VisualStudioVersion = 14.0.25420.1
MinimumVisualStudioVersion = 10.0.40219.1
Project("{FAE04EC0-301F-11D3-BF4B-00C04F79EFBC}") = "EatVillagers.Village.Console", "EatVillagers.WolfLab.Console\EatVillagers.WolfLab.Console.csproj", "{B2616818-3F31-403D-96FE-A52B4F6652B1}"
EndProject
Project("{FAE04EC0-301F-11D3-BF4B-00C04F79EFBC}") = "EatVillagers.Village.Logic", "EatVillagers.WolfLab.Logic\EatVillagers.WolfLab.Logic.csproj", "{C2D89852-8368-4355-9797-6A006AC24335}"
EndProject
Global
	GlobalSection(SolutionConfigurationPlatforms) = preSolution
		Debug|Any CPU = Debug|Any CPU
		Release|Any CPU = Release|Any CPU
	EndGlobalSection
	GlobalSection(ProjectConfigurationPlatforms) = postSolution
		{B2616818-3F31-403D-96FE-A52B4F6652B1}.Debug|Any CPU.ActiveCfg = Debug|Any CPU
		{B2616818-3F31-403D-96FE-A52B4F6652B1}.Debug|Any CPU.Build.0 = Debug|Any CPU
		{B2616818-3F31-403D-96FE-A52B4F6652B1}.Release|Any CPU.ActiveCfg = Release|Any CPU
		{B2616818-3F31-403D-96FE-A52B4F6652B1}.Release|Any CPU.Build.0 = Release|Any CPU
		{C2D89852-8368-4355-9797-6A006AC24335}.Debug|Any CPU.ActiveCfg = Debug|Any CPU
		{C2D89852-8368-4355-9797-6A006AC24335}.Debug|Any CPU.Build.0 = Debug|Any CPU
		{C2D89852-8368-4355-9797-6A006AC24335}.Release|Any CPU.ActiveCfg = Release|Any CPU
		{C2D89852-8368-4355-9797-6A006AC24335}.Release|Any CPU.Build.0 = Release|Any CPU
	EndGlobalSection
	GlobalSection(SolutionProperties) = preSolution
		HideSolutionNode = FALSE
	EndGlobalSection
EndGlobal
